
Microsoft Visual Studio Solution File, Format Version 12.00
# Visual Studio Version 16
VisualStudioVersion = 16.0.31205.134
MinimumVisualStudioVersion = 10.0.40219.1
Project("{FAE04EC0-301F-11D3-BF4B-00C04F79EFBC}") = "LAB", "LAB\LAB.csproj", "{C1ED2E81-103E-453A-9CA0-1FF35FBA51CF}"
EndProject
Project("{FAE04EC0-301F-11D3-BF4B-00C04F79EFBC}") = "DAO", "DAO\DAO.csproj", "{DD0305DA-263D-4A02-830B-E1B03E0BD08F}"
EndProject
Global
	GlobalSection(SolutionConfigurationPlatforms) = preSolution
		Debug|Any CPU = Debug|Any CPU
		Release|Any CPU = Release|Any CPU
	EndGlobalSection
	GlobalSection(ProjectConfigurationPlatforms) = postSolution
		{C1ED2E81-103E-453A-9CA0-1FF35FBA51CF}.Debug|Any CPU.ActiveCfg = Debug|Any CPU
		{C1ED2E81-103E-453A-9CA0-1FF35FBA51CF}.Debug|Any CPU.Build.0 = Debug|Any CPU
		{C1ED2E81-103E-453A-9CA0-1FF35FBA51CF}.Release|Any CPU.ActiveCfg = Release|Any CPU
		{C1ED2E81-103E-453A-9CA0-1FF35FBA51CF}.Release|Any CPU.Build.0 = Release|Any CPU
		{DD0305DA-263D-4A02-830B-E1B03E0BD08F}.Debug|Any CPU.ActiveCfg = Debug|Any CPU
		{DD0305DA-263D-4A02-830B-E1B03E0BD08F}.Debug|Any CPU.Build.0 = Debug|Any CPU
		{DD0305DA-263D-4A02-830B-E1B03E0BD08F}.Release|Any CPU.ActiveCfg = Release|Any CPU
		{DD0305DA-263D-4A02-830B-E1B03E0BD08F}.Release|Any CPU.Build.0 = Release|Any CPU
	EndGlobalSection
	GlobalSection(SolutionProperties) = preSolution
		HideSolutionNode = FALSE
	EndGlobalSection
	GlobalSection(ExtensibilityGlobals) = postSolution
		SolutionGuid = {260BAD5F-C27B-472F-B7F6-AD1D2E2B258B}
	EndGlobalSection
EndGlobal
